{
  "requires": true,
  "lockfileVersion": 1,
  "dependencies": {
    "cytoscape-context-menus": {
      "version": "3.0.6",
      "resolved": "https://registry.npmjs.org/cytoscape-context-menus/-/cytoscape-context-menus-3.0.6.tgz",
      "integrity": "sha512-eRsAIg/HYOZOUfTvBK4L0t9ikdRuQULoB8ilB8AZ9D7zGfRjQip/quDH/H20n3IFMe6pb9XYAwVMHWZtlMjR1w=="
    },
    "jquery": {
      "version": "3.3.1",
      "resolved": "https://registry.npmjs.org/jquery/-/jquery-3.3.1.tgz",
      "integrity": "sha512-Ubldcmxp5np52/ENotGxlLe6aGMvmF4R8S6tZjsP6Knsaxd/xp3Zrh50cG93lR6nPXyUFwzN3ZSOQI0wRJNdGg=="
    }
  }
}
